// !$*UTF8*$!
{
	archiveVersion = 1;
	classes = {
	};
	objectVersion = 63;
	objects = {

/* Begin PBXBuildFile section */
		1971847E0899053FCA159707 /* TTSViewModel.swift in Sources */ = {isa = PBXBuildFile; fileRef = E65D8DBBE9C2B021EA4BFF49 /* TTSViewModel.swift */; };
		1994172DAB32347265480117 /* KokoroApp.swift in Sources */ = {isa = PBXBuildFile; fileRef = 6DEEC4DC2A6A5991649B3EB4 /* KokoroApp.swift */; };
		222F674BBFA056081B8295D6 /* FluidAudio in Frameworks */ = {isa = PBXBuildFile; productRef = 26DB8398ECEAF80A234657D9 /* FluidAudio */; };
		5ADA7923DCDC2B3CAB158FDE /* StreamingAudioPlayer.swift in Sources */ = {isa = PBXBuildFile; fileRef = E961668263E2360B7320FBD8 /* StreamingAudioPlayer.swift */; };
		7B75A75C2EA094FA008B14AF /* WavStreamWriter.swift in Sources */ = {isa = PBXBuildFile; fileRef = 7B75A75B2EA094FA008B14AF /* WavStreamWriter.swift */; };
		7B94B1412E95D45700255720 /* LaunchScreen.storyboard in CopyFiles */ = {isa = PBXBuildFile; fileRef = 7B94B1402E95D45700255720 /* LaunchScreen.storyboard */; };
		7B94B1432E95D4D300255720 /* kokoro_completev21_int8.mlmodelc in CopyFiles */ = {isa = PBXBuildFile; fileRef = 7B94B1422E95D4C200255720 /* kokoro_completev21_int8.mlmodelc */; };
		7BB6C7462E98BCA50006170B /* SegmentTextKit in Frameworks */ = {isa = PBXBuildFile; productRef = 7BB6C7452E98BCA50006170B /* SegmentTextKit */; };
		7BD5A2442EC40A28008F96A5 /* KokoroChunkedSynthesizer.swift in Sources */ = {isa = PBXBuildFile; fileRef = 7BD5A2432EC40A28008F96A5 /* KokoroChunkedSynthesizer.swift */; };
		7BD5A2462EC40C2B008F96A5 /* TtSManager+IncrementalStreaming.swift in Sources */ = {isa = PBXBuildFile; fileRef = 7BD5A2452EC40C2B008F96A5 /* TtSManager+IncrementalStreaming.swift */; };
		D819233FF4CA1839DCD1DD6B /* ContentView.swift in Sources */ = {isa = PBXBuildFile; fileRef = 87E9D31764DF42A394786C70 /* ContentView.swift */; };
/* End PBXBuildFile section */

/* Begin PBXCopyFilesBuildPhase section */
		7B94B13F2E95D44A00255720 /* CopyFiles */ = {
			isa = PBXCopyFilesBuildPhase;
			buildActionMask = 2147483647;
			dstPath = "";
			dstSubfolderSpec = 7;
			files = (
				7B94B1432E95D4D300255720 /* kokoro_completev21_int8.mlmodelc in CopyFiles */,
				7B94B1412E95D45700255720 /* LaunchScreen.storyboard in CopyFiles */,
			);
			runOnlyForDeploymentPostprocessing = 0;
		};
/* End PBXCopyFilesBuildPhase section */

/* Begin PBXFileReference section */
		6DEEC4DC2A6A5991649B3EB4 /* KokoroApp.swift */ = {isa = PBXFileReference; lastKnownFileType = sourcecode.swift; path = KokoroApp.swift; sourceTree = "<group>"; };
		6F6062E16361F62817EFAFF3 /* Kokoro.app */ = {isa = PBXFileReference; explicitFileType = wrapper.application; includeInIndex = 0; path = Kokoro.app; sourceTree = BUILT_PRODUCTS_DIR; };
		7B75A75A2EA06E0F008B14AF /* Kokoro.entitlements */ = {isa = PBXFileReference; lastKnownFileType = text.plist.entitlements; path = Kokoro.entitlements; sourceTree = "<group>"; };
		7B75A75B2EA094FA008B14AF /* WavStreamWriter.swift */ = {isa = PBXFileReference; lastKnownFileType = sourcecode.swift; path = WavStreamWriter.swift; sourceTree = "<group>"; };
		7B94B1402E95D45700255720 /* LaunchScreen.storyboard */ = {isa = PBXFileReference; lastKnownFileType = file.storyboard; name = LaunchScreen.storyboard; path = Kokoro/Resources/LaunchScreen.storyboard; sourceTree = "<group>"; };
		7B94B1422E95D4C200255720 /* kokoro_completev21_int8.mlmodelc */ = {isa = PBXFileReference; lastKnownFileType = wrapper; path = kokoro_completev21_int8.mlmodelc; sourceTree = "<group>"; };
		7BD5A2432EC40A28008F96A5 /* KokoroChunkedSynthesizer.swift */ = {isa = PBXFileReference; lastKnownFileType = sourcecode.swift; path = KokoroChunkedSynthesizer.swift; sourceTree = "<group>"; };
		7BD5A2452EC40C2B008F96A5 /* TtSManager+IncrementalStreaming.swift */ = {isa = PBXFileReference; lastKnownFileType = sourcecode.swift; path = "TtSManager+IncrementalStreaming.swift"; sourceTree = "<group>"; };
		7C498048C9933659E130135E /* FluidAudio-checkin */ = {isa = PBXFileReference; lastKnownFileType = folder; name = "FluidAudio-checkin"; path = "../FluidAudio-checkin"; sourceTree = SOURCE_ROOT; };
		87E9D31764DF42A394786C70 /* ContentView.swift */ = {isa = PBXFileReference; lastKnownFileType = sourcecode.swift; path = ContentView.swift; sourceTree = "<group>"; };
		E65D8DBBE9C2B021EA4BFF49 /* TTSViewModel.swift */ = {isa = PBXFileReference; lastKnownFileType = sourcecode.swift; path = TTSViewModel.swift; sourceTree = "<group>"; };
		E961668263E2360B7320FBD8 /* StreamingAudioPlayer.swift */ = {isa = PBXFileReference; lastKnownFileType = sourcecode.swift; path = StreamingAudioPlayer.swift; sourceTree = "<group>"; };
/* End PBXFileReference section */

/* Begin PBXFrameworksBuildPhase section */
		2B393A4CD99E6152AA02B163 /* Frameworks */ = {
			isa = PBXFrameworksBuildPhase;
			buildActionMask = 2147483647;
			files = (
				7BB6C7462E98BCA50006170B /* SegmentTextKit in Frameworks */,
				222F674BBFA056081B8295D6 /* FluidAudio in Frameworks */,
			);
			runOnlyForDeploymentPostprocessing = 0;
		};
/* End PBXFrameworksBuildPhase section */

/* Begin PBXGroup section */
		0C44C0D49EABE42DF98201AE /* Products */ = {
			isa = PBXGroup;
			children = (
				6F6062E16361F62817EFAFF3 /* Kokoro.app */,
			);
			name = Products;
			sourceTree = "<group>";
		};
		27D1E6C7918111C838D44F68 = {
			isa = PBXGroup;
			children = (
				7B94B1422E95D4C200255720 /* kokoro_completev21_int8.mlmodelc */,
				7B94B1402E95D45700255720 /* LaunchScreen.storyboard */,
				490CDCEE90CCB0B30C229DD9 /* Kokoro */,
				D2FE90EF570FE98541096000 /* Packages */,
				0C44C0D49EABE42DF98201AE /* Products */,
			);
			sourceTree = "<group>";
		};
		34B9D50241E15EA4313C891B /* Sources */ = {
			isa = PBXGroup;
			children = (
				7BD5A2452EC40C2B008F96A5 /* TtSManager+IncrementalStreaming.swift */,
				7BD5A2432EC40A28008F96A5 /* KokoroChunkedSynthesizer.swift */,
				7B75A75B2EA094FA008B14AF /* WavStreamWriter.swift */,
				87E9D31764DF42A394786C70 /* ContentView.swift */,
				6DEEC4DC2A6A5991649B3EB4 /* KokoroApp.swift */,
				E961668263E2360B7320FBD8 /* StreamingAudioPlayer.swift */,
				E65D8DBBE9C2B021EA4BFF49 /* TTSViewModel.swift */,
			);
			path = Sources;
			sourceTree = "<group>";
		};
		490CDCEE90CCB0B30C229DD9 /* Kokoro */ = {
			isa = PBXGroup;
			children = (
				7B75A75A2EA06E0F008B14AF /* Kokoro.entitlements */,
				34B9D50241E15EA4313C891B /* Sources */,
			);
			path = Kokoro;
			sourceTree = "<group>";
		};
		D2FE90EF570FE98541096000 /* Packages */ = {
			isa = PBXGroup;
			children = (
				7C498048C9933659E130135E /* FluidAudio-checkin */,
			);
			name = Packages;
			sourceTree = "<group>";
		};
/* End PBXGroup section */

/* Begin PBXNativeTarget section */
		2D02092313C279223DAA033B /* Kokoro */ = {
			isa = PBXNativeTarget;
			buildConfigurationList = 483F01074AD85444BD01811F /* Build configuration list for PBXNativeTarget "Kokoro" */;
			buildPhases = (
				2DFD3B0008CE22CF1BF198E1 /* Sources */,
				2B393A4CD99E6152AA02B163 /* Frameworks */,
				7B94B13F2E95D44A00255720 /* CopyFiles */,
			);
			buildRules = (
			);
			dependencies = (
			);
			name = Kokoro;
			packageProductDependencies = (
				26DB8398ECEAF80A234657D9 /* FluidAudio */,
				7BB6C7452E98BCA50006170B /* SegmentTextKit */,
			);
			productName = Kokoro;
			productReference = 6F6062E16361F62817EFAFF3 /* Kokoro.app */;
			productType = "com.apple.product-type.application";
		};
/* End PBXNativeTarget section */

/* Begin PBXProject section */
		9C6AC97E6DA2D0CA9B693CEC /* Project object */ = {
			isa = PBXProject;
			attributes = {
				BuildIndependentTargetsInParallel = YES;
				LastUpgradeCheck = 1430;
				TargetAttributes = {
					2D02092313C279223DAA033B = {
						ProvisioningStyle = Automatic;
					};
				};
			};
			buildConfigurationList = E845D7EEAF9497B89C8F887D /* Build configuration list for PBXProject "Kokoro" */;
			compatibilityVersion = "Xcode 14.0";
			developmentRegion = en;
			hasScannedForEncodings = 0;
			knownRegions = (
				Base,
				en,
			);
			mainGroup = 27D1E6C7918111C838D44F68;
			minimizedProjectReferenceProxies = 1;
			packageReferences = (
				1B65D3525275300A599296D6 /* XCLocalSwiftPackageReference "../FluidAudio-checkin" */,
				7BB6C7442E98BCA50006170B /* XCLocalSwiftPackageReference "Packages/SegmentTextKit-Package" */,
			);
			projectDirPath = "";
			projectRoot = "";
			targets = (
				2D02092313C279223DAA033B /* Kokoro */,
			);
		};
/* End PBXProject section */

/* Begin PBXSourcesBuildPhase section */
		2DFD3B0008CE22CF1BF198E1 /* Sources */ = {
			isa = PBXSourcesBuildPhase;
			buildActionMask = 2147483647;
			files = (
				D819233FF4CA1839DCD1DD6B /* ContentView.swift in Sources */,
				1994172DAB32347265480117 /* KokoroApp.swift in Sources */,
				7BD5A2442EC40A28008F96A5 /* KokoroChunkedSynthesizer.swift in Sources */,
				7BD5A2462EC40C2B008F96A5 /* TtSManager+IncrementalStreaming.swift in Sources */,
				7B75A75C2EA094FA008B14AF /* WavStreamWriter.swift in Sources */,
				5ADA7923DCDC2B3CAB158FDE /* StreamingAudioPlayer.swift in Sources */,
				1971847E0899053FCA159707 /* TTSViewModel.swift in Sources */,
			);
			runOnlyForDeploymentPostprocessing = 0;
		};
/* End PBXSourcesBuildPhase section */

/* Begin XCBuildConfiguration section */
		1ED3F953AE2673C7965CDE4D /* Debug */ = {
			isa = XCBuildConfiguration;
			buildSettings = {
				ALWAYS_SEARCH_USER_PATHS = NO;
				CLANG_ANALYZER_NONNULL = YES;
				CLANG_ANALYZER_NUMBER_OBJECT_CONVERSION = YES_AGGRESSIVE;
				CLANG_CXX_LANGUAGE_STANDARD = "gnu++14";
				CLANG_CXX_LIBRARY = "libc++";
				CLANG_ENABLE_MODULES = YES;
				CLANG_ENABLE_OBJC_ARC = YES;
				CLANG_ENABLE_OBJC_WEAK = YES;
				CLANG_WARN_BLOCK_CAPTURE_AUTORELEASING = YES;
				CLANG_WARN_BOOL_CONVERSION = YES;
				CLANG_WARN_COMMA = YES;
				CLANG_WARN_CONSTANT_CONVERSION = YES;
				CLANG_WARN_DEPRECATED_OBJC_IMPLEMENTATIONS = YES;
				CLANG_WARN_DIRECT_OBJC_ISA_USAGE = YES_ERROR;
				CLANG_WARN_DOCUMENTATION_COMMENTS = YES;
				CLANG_WARN_EMPTY_BODY = YES;
				CLANG_WARN_ENUM_CONVERSION = YES;
				CLANG_WARN_INFINITE_RECURSION = YES;
				CLANG_WARN_INT_CONVERSION = YES;
				CLANG_WARN_NON_LITERAL_NULL_CONVERSION = YES;
				CLANG_WARN_OBJC_IMPLICIT_RETAIN_SELF = YES;
				CLANG_WARN_OBJC_LITERAL_CONVERSION = YES;
				CLANG_WARN_OBJC_ROOT_CLASS = YES_ERROR;
				CLANG_WARN_QUOTED_INCLUDE_IN_FRAMEWORK_HEADER = YES;
				CLANG_WARN_RANGE_LOOP_ANALYSIS = YES;
				CLANG_WARN_STRICT_PROTOTYPES = YES;
				CLANG_WARN_SUSPICIOUS_MOVE = YES;
				CLANG_WARN_UNGUARDED_AVAILABILITY = YES_AGGRESSIVE;
				CLANG_WARN_UNREACHABLE_CODE = YES;
				CLANG_WARN__DUPLICATE_METHOD_MATCH = YES;
				CODE_SIGN_STYLE = Automatic;
				COPY_PHASE_STRIP = NO;
				CURRENT_PROJECT_VERSION = 1;
				DEBUG_INFORMATION_FORMAT = dwarf;
				DEVELOPMENT_TEAM = "";
				ENABLE_BITCODE = NO;
				ENABLE_STRICT_OBJC_MSGSEND = YES;
				ENABLE_TESTABILITY = YES;
				GCC_C_LANGUAGE_STANDARD = gnu11;
				GCC_DYNAMIC_NO_PIC = NO;
				GCC_NO_COMMON_BLOCKS = YES;
				GCC_OPTIMIZATION_LEVEL = 0;
				GCC_PREPROCESSOR_DEFINITIONS = (
					"$(inherited)",
					"DEBUG=1",
				);
				GCC_WARN_64_TO_32_BIT_CONVERSION = YES;
				GCC_WARN_ABOUT_RETURN_TYPE = YES_ERROR;
				GCC_WARN_UNDECLARED_SELECTOR = YES;
				GCC_WARN_UNINITIALIZED_AUTOS = YES_AGGRESSIVE;
				GCC_WARN_UNUSED_FUNCTION = YES;
				GCC_WARN_UNUSED_VARIABLE = YES;
				IPHONEOS_DEPLOYMENT_TARGET = 17.0;
				MARKETING_VERSION = 1.0.0;
				MTL_ENABLE_DEBUG_INFO = INCLUDE_SOURCE;
				MTL_FAST_MATH = YES;
				ONLY_ACTIVE_ARCH = YES;
				PRODUCT_BUNDLE_IDENTIFIER = com.fluidaudio.tts;
				PRODUCT_NAME = "$(TARGET_NAME)";
				SDKROOT = iphoneos;
				SUPPORTED_PLATFORMS = iphoneos;
				SUPPORTS_MACCATALYST = NO;
				SUPPORTS_MAC_DESIGNED_FOR_IPHONE_IPAD = NO;
				SWIFT_ACTIVE_COMPILATION_CONDITIONS = DEBUG;
				SWIFT_OPTIMIZATION_LEVEL = "-Onone";
				SWIFT_VERSION = 5.1;
			};
			name = Debug;
		};
		2E10D7F96CAB645D84879A5F /* Debug */ = {
			isa = XCBuildConfiguration;
			buildSettings = {
				ASSETCATALOG_COMPILER_APPICON_NAME = AppIcon;
				CODE_SIGN_ENTITLEMENTS = Kokoro/Kokoro.entitlements;
				CODE_SIGN_IDENTITY = "iPhone Developer";
				DEVELOPMENT_TEAM = TA92TEWDS4;
				INFOPLIST_FILE = Kokoro/Resources/Info.plist;
				INFOPLIST_KEY_UIApplicationSupportsIndirectInputEvents = YES;
				INFOPLIST_KEY_UILaunchScreen_Generation = YES;
				INFOPLIST_KEY_UISupportedInterfaceOrientations_iPad = "UIInterfaceOrientationPortrait UIInterfaceOrientationPortraitUpsideDown UIInterfaceOrientationLandscapeLeft UIInterfaceOrientationLandscapeRight";
				INFOPLIST_KEY_UISupportedInterfaceOrientations_iPhone = UIInterfaceOrientationPortrait;
				IPHONEOS_DEPLOYMENT_TARGET = 18.6;
				LD_RUNPATH_SEARCH_PATHS = (
					"$(inherited)",
					"@executable_path/Frameworks",
				);
				ONLY_ACTIVE_ARCH = YES;
				PRODUCT_BUNDLE_IDENTIFIER = com.sdesai.fluidaudio.tts;
				PRODUCT_NAME = Kokoro;
				SDKROOT = iphoneos;
				SUPPORTS_MACCATALYST = NO;
				SUPPORTS_MAC_DESIGNED_FOR_IPHONE_IPAD = YES;
				TARGETED_DEVICE_FAMILY = "1,2";
			};
			name = Debug;
		};
		DC0BF056C1F94F50DDED0FFC /* Release */ = {
			isa = XCBuildConfiguration;
			buildSettings = {
				ASSETCATALOG_COMPILER_APPICON_NAME = AppIcon;
				CODE_SIGN_ENTITLEMENTS = Kokoro/Kokoro.entitlements;
				CODE_SIGN_IDENTITY = "iPhone Developer";
				DEVELOPMENT_TEAM = TA92TEWDS4;
				INFOPLIST_FILE = Kokoro/Resources/Info.plist;
				INFOPLIST_KEY_UIApplicationSupportsIndirectInputEvents = YES;
				INFOPLIST_KEY_UILaunchScreen_Generation = YES;
				INFOPLIST_KEY_UISupportedInterfaceOrientations_iPad = "UIInterfaceOrientationPortrait UIInterfaceOrientationPortraitUpsideDown UIInterfaceOrientationLandscapeLeft UIInterfaceOrientationLandscapeRight";
				INFOPLIST_KEY_UISupportedInterfaceOrientations_iPhone = UIInterfaceOrientationPortrait;
				IPHONEOS_DEPLOYMENT_TARGET = 18.6;
				LD_RUNPATH_SEARCH_PATHS = (
					"$(inherited)",
					"@executable_path/Frameworks",
				);
				ONLY_ACTIVE_ARCH = NO;
				PRODUCT_BUNDLE_IDENTIFIER = com.sdesai.fluidaudio.tts;
				PRODUCT_NAME = Kokoro;
				SDKROOT = iphoneos;
				SUPPORTS_MACCATALYST = NO;
				SUPPORTS_MAC_DESIGNED_FOR_IPHONE_IPAD = YES;
				TARGETED_DEVICE_FAMILY = "1,2";
			};
			name = Release;
		};
		DE44C312FCF881710CE58FD4 /* Release */ = {
			isa = XCBuildConfiguration;
			buildSettings = {
				ALWAYS_SEARCH_USER_PATHS = NO;
				CLANG_ANALYZER_NONNULL = YES;
				CLANG_ANALYZER_NUMBER_OBJECT_CONVERSION = YES_AGGRESSIVE;
				CLANG_CXX_LANGUAGE_STANDARD = "gnu++14";
				CLANG_CXX_LIBRARY = "libc++";
				CLANG_ENABLE_MODULES = YES;
				CLANG_ENABLE_OBJC_ARC = YES;
				CLANG_ENABLE_OBJC_WEAK = YES;
				CLANG_WARN_BLOCK_CAPTURE_AUTORELEASING = YES;
				CLANG_WARN_BOOL_CONVERSION = YES;
				CLANG_WARN_COMMA = YES;
				CLANG_WARN_CONSTANT_CONVERSION = YES;
				CLANG_WARN_DEPRECATED_OBJC_IMPLEMENTATIONS = YES;
				CLANG_WARN_DIRECT_OBJC_ISA_USAGE = YES_ERROR;
				CLANG_WARN_DOCUMENTATION_COMMENTS = YES;
				CLANG_WARN_EMPTY_BODY = YES;
				CLANG_WARN_ENUM_CONVERSION = YES;
				CLANG_WARN_INFINITE_RECURSION = YES;
				CLANG_WARN_INT_CONVERSION = YES;
				CLANG_WARN_NON_LITERAL_NULL_CONVERSION = YES;
				CLANG_WARN_OBJC_IMPLICIT_RETAIN_SELF = YES;
				CLANG_WARN_OBJC_LITERAL_CONVERSION = YES;
				CLANG_WARN_OBJC_ROOT_CLASS = YES_ERROR;
				CLANG_WARN_QUOTED_INCLUDE_IN_FRAMEWORK_HEADER = YES;
				CLANG_WARN_RANGE_LOOP_ANALYSIS = YES;
				CLANG_WARN_STRICT_PROTOTYPES = YES;
				CLANG_WARN_SUSPICIOUS_MOVE = YES;
				CLANG_WARN_UNGUARDED_AVAILABILITY = YES_AGGRESSIVE;
				CLANG_WARN_UNREACHABLE_CODE = YES;
				CLANG_WARN__DUPLICATE_METHOD_MATCH = YES;
				CODE_SIGN_STYLE = Automatic;
				COPY_PHASE_STRIP = NO;
				CURRENT_PROJECT_VERSION = 1;
				DEBUG_INFORMATION_FORMAT = "dwarf-with-dsym";
				DEVELOPMENT_TEAM = "";
				ENABLE_BITCODE = NO;
				ENABLE_NS_ASSERTIONS = NO;
				ENABLE_STRICT_OBJC_MSGSEND = YES;
				GCC_C_LANGUAGE_STANDARD = gnu11;
				GCC_NO_COMMON_BLOCKS = YES;
				GCC_WARN_64_TO_32_BIT_CONVERSION = YES;
				GCC_WARN_ABOUT_RETURN_TYPE = YES_ERROR;
				GCC_WARN_UNDECLARED_SELECTOR = YES;
				GCC_WARN_UNINITIALIZED_AUTOS = YES_AGGRESSIVE;
				GCC_WARN_UNUSED_FUNCTION = YES;
				GCC_WARN_UNUSED_VARIABLE = YES;
				IPHONEOS_DEPLOYMENT_TARGET = 17.0;
				MARKETING_VERSION = 1.0.0;
				MTL_ENABLE_DEBUG_INFO = NO;
				MTL_FAST_MATH = YES;
				PRODUCT_BUNDLE_IDENTIFIER = com.fluidaudio.tts;
				PRODUCT_NAME = "$(TARGET_NAME)";
				SDKROOT = iphoneos;
				SUPPORTED_PLATFORMS = iphoneos;
				SUPPORTS_MACCATALYST = NO;
				SUPPORTS_MAC_DESIGNED_FOR_IPHONE_IPAD = NO;
				SWIFT_COMPILATION_MODE = wholemodule;
				SWIFT_OPTIMIZATION_LEVEL = "-O";
				SWIFT_VERSION = 5.1;
			};
			name = Release;
		};
/* End XCBuildConfiguration section */

/* Begin XCConfigurationList section */
		483F01074AD85444BD01811F /* Build configuration list for PBXNativeTarget "Kokoro" */ = {
			isa = XCConfigurationList;
			buildConfigurations = (
				2E10D7F96CAB645D84879A5F /* Debug */,
				DC0BF056C1F94F50DDED0FFC /* Release */,
			);
			defaultConfigurationIsVisible = 0;
			defaultConfigurationName = Debug;
		};
		E845D7EEAF9497B89C8F887D /* Build configuration list for PBXProject "Kokoro" */ = {
			isa = XCConfigurationList;
			buildConfigurations = (
				1ED3F953AE2673C7965CDE4D /* Debug */,
				DE44C312FCF881710CE58FD4 /* Release */,
			);
			defaultConfigurationIsVisible = 0;
			defaultConfigurationName = Debug;
		};
/* End XCConfigurationList section */

/* Begin XCLocalSwiftPackageReference section */
		1B65D3525275300A599296D6 /* XCLocalSwiftPackageReference "../FluidAudio-checkin" */ = {
			isa = XCLocalSwiftPackageReference;
			relativePath = "../FluidAudio-checkin";
		};
		7BB6C7442E98BCA50006170B /* XCLocalSwiftPackageReference "Packages/SegmentTextKit-Package" */ = {
			isa = XCLocalSwiftPackageReference;
			relativePath = "Packages/SegmentTextKit-Package";
		};
/* End XCLocalSwiftPackageReference section */

/* Begin XCSwiftPackageProductDependency section */
		26DB8398ECEAF80A234657D9 /* FluidAudio */ = {
			isa = XCSwiftPackageProductDependency;
			productName = FluidAudio;
		};
		7BB6C7452E98BCA50006170B /* SegmentTextKit */ = {
			isa = XCSwiftPackageProductDependency;
			productName = SegmentTextKit;
		};
/* End XCSwiftPackageProductDependency section */
	};
	rootObject = 9C6AC97E6DA2D0CA9B693CEC /* Project object */;
}
